// !$*UTF8*$!
{
	archiveVersion = 1;
	classes = {
	};
	objectVersion = 48;
	objects = {

/* Begin PBXBuildFile section */
		A76D6A38204958A600238E50 /* AppDelegate.m in Sources */ = {isa = PBXBuildFile; fileRef = A76D6A37204958A600238E50 /* AppDelegate.m */; };
		A76D6A3B204958A600238E50 /* ViewController.m in Sources */ = {isa = PBXBuildFile; fileRef = A76D6A3A204958A600238E50 /* ViewController.m */; };
		A76D6A3E204958A600238E50 /* Main.storyboard in Resources */ = {isa = PBXBuildFile; fileRef = A76D6A3C204958A600238E50 /* Main.storyboard */; };
		A76D6A40204958A600238E50 /* Assets.xcassets in Resources */ = {isa = PBXBuildFile; fileRef = A76D6A3F204958A600238E50 /* Assets.xcassets */; };
		A76D6A43204958A600238E50 /* LaunchScreen.storyboard in Resources */ = {isa = PBXBuildFile; fileRef = A76D6A41204958A600238E50 /* LaunchScreen.storyboard */; };
		A76D6A46204958A600238E50 /* main.m in Sources */ = {isa = PBXBuildFile; fileRef = A76D6A45204958A600238E50 /* main.m */; };
		A76D6A4E204958F700238E50 /* SocketManager.m in Sources */ = {isa = PBXBuildFile; fileRef = A76D6A4D204958F700238E50 /* SocketManager.m */; };
		A76D6A542049592600238E50 /* GCDAsyncSocket.m in Sources */ = {isa = PBXBuildFile; fileRef = A76D6A512049592600238E50 /* GCDAsyncSocket.m */; };
		A76D6A552049592600238E50 /* GCDAsyncUdpSocket.m in Sources */ = {isa = PBXBuildFile; fileRef = A76D6A532049592600238E50 /* GCDAsyncUdpSocket.m */; };
/* End PBXBuildFile section */

/* Begin PBXFileReference section */
		A76D6A33204958A600238E50 /* Socket开发.app */ = {isa = PBXFileReference; explicitFileType = wrapper.application; includeInIndex = 0; path = "Socket开发.app"; sourceTree = BUILT_PRODUCTS_DIR; };
		A76D6A36204958A600238E50 /* AppDelegate.h */ = {isa = PBXFileReference; lastKnownFileType = sourcecode.c.h; path = AppDelegate.h; sourceTree = "<group>"; };
		A76D6A37204958A600238E50 /* AppDelegate.m */ = {isa = PBXFileReference; lastKnownFileType = sourcecode.c.objc; path = AppDelegate.m; sourceTree = "<group>"; };
		A76D6A39204958A600238E50 /* ViewController.h */ = {isa = PBXFileReference; lastKnownFileType = sourcecode.c.h; path = ViewController.h; sourceTree = "<group>"; };
		A76D6A3A204958A600238E50 /* ViewController.m */ = {isa = PBXFileReference; lastKnownFileType = sourcecode.c.objc; path = ViewController.m; sourceTree = "<group>"; };
		A76D6A3D204958A600238E50 /* Base */ = {isa = PBXFileReference; lastKnownFileType = file.storyboard; name = Base; path = Base.lproj/Main.storyboard; sourceTree = "<group>"; };
		A76D6A3F204958A600238E50 /* Assets.xcassets */ = {isa = PBXFileReference; lastKnownFileType = folder.assetcatalog; path = Assets.xcassets; sourceTree = "<group>"; };
		A76D6A42204958A600238E50 /* Base */ = {isa = PBXFileReference; lastKnownFileType = file.storyboard; name = Base; path = Base.lproj/LaunchScreen.storyboard; sourceTree = "<group>"; };
		A76D6A44204958A600238E50 /* Info.plist */ = {isa = PBXFileReference; lastKnownFileType = text.plist.xml; path = Info.plist; sourceTree = "<group>"; };
		A76D6A45204958A600238E50 /* main.m */ = {isa = PBXFileReference; lastKnownFileType = sourcecode.c.objc; path = main.m; sourceTree = "<group>"; };
		A76D6A4C204958F700238E50 /* SocketManager.h */ = {isa = PBXFileReference; lastKnownFileType = sourcecode.c.h; path = SocketManager.h; sourceTree = "<group>"; };
		A76D6A4D204958F700238E50 /* SocketManager.m */ = {isa = PBXFileReference; lastKnownFileType = sourcecode.c.objc; path = SocketManager.m; sourceTree = "<group>"; };
		A76D6A502049592600238E50 /* GCDAsyncSocket.h */ = {isa = PBXFileReference; fileEncoding = 4; lastKnownFileType = sourcecode.c.h; path = GCDAsyncSocket.h; sourceTree = "<group>"; };
		A76D6A512049592600238E50 /* GCDAsyncSocket.m */ = {isa = PBXFileReference; fileEncoding = 4; lastKnownFileType = sourcecode.c.objc; path = GCDAsyncSocket.m; sourceTree = "<group>"; };
		A76D6A522049592600238E50 /* GCDAsyncUdpSocket.h */ = {isa = PBXFileReference; fileEncoding = 4; lastKnownFileType = sourcecode.c.h; path = GCDAsyncUdpSocket.h; sourceTree = "<group>"; };
		A76D6A532049592600238E50 /* GCDAsyncUdpSocket.m */ = {isa = PBXFileReference; fileEncoding = 4; lastKnownFileType = sourcecode.c.objc; path = GCDAsyncUdpSocket.m; sourceTree = "<group>"; };
/* End PBXFileReference section */

/* Begin PBXFrameworksBuildPhase section */
		A76D6A30204958A600238E50 /* Frameworks */ = {
			isa = PBXFrameworksBuildPhase;
			buildActionMask = 2147483647;
			files = (
			);
			runOnlyForDeploymentPostprocessing = 0;
		};
/* End PBXFrameworksBuildPhase section */

/* Begin PBXGroup section */
		A76D6A2A204958A600238E50 = {
			isa = PBXGroup;
			children = (
				A76D6A35204958A600238E50 /* Socket开发 */,
				A76D6A34204958A600238E50 /* Products */,
			);
			sourceTree = "<group>";
		};
		A76D6A34204958A600238E50 /* Products */ = {
			isa = PBXGroup;
			children = (
				A76D6A33204958A600238E50 /* Socket开发.app */,
			);
			name = Products;
			sourceTree = "<group>";
		};
		A76D6A35204958A600238E50 /* Socket开发 */ = {
			isa = PBXGroup;
			children = (
				A76D6A36204958A600238E50 /* AppDelegate.h */,
				A76D6A37204958A600238E50 /* AppDelegate.m */,
				A76D6A39204958A600238E50 /* ViewController.h */,
				A76D6A3A204958A600238E50 /* ViewController.m */,
				A76D6A4C204958F700238E50 /* SocketManager.h */,
				A76D6A4D204958F700238E50 /* SocketManager.m */,
				A76D6A3C204958A600238E50 /* Main.storyboard */,
				A76D6A3F204958A600238E50 /* Assets.xcassets */,
				A76D6A41204958A600238E50 /* LaunchScreen.storyboard */,
				A76D6A44204958A600238E50 /* Info.plist */,
				A76D6A45204958A600238E50 /* main.m */,
				A76D6A4F2049592600238E50 /* GCDAsyncSocket */,
			);
			path = "Socket开发";
			sourceTree = "<group>";
		};
		A76D6A4F2049592600238E50 /* GCDAsyncSocket */ = {
			isa = PBXGroup;
			children = (
				A76D6A502049592600238E50 /* GCDAsyncSocket.h */,
				A76D6A512049592600238E50 /* GCDAsyncSocket.m */,
				A76D6A522049592600238E50 /* GCDAsyncUdpSocket.h */,
				A76D6A532049592600238E50 /* GCDAsyncUdpSocket.m */,
			);
			path = GCDAsyncSocket;
			sourceTree = "<group>";
		};
/* End PBXGroup section */

/* Begin PBXNativeTarget section */
		A76D6A32204958A600238E50 /* Socket开发 */ = {
			isa = PBXNativeTarget;
			buildConfigurationList = A76D6A49204958A600238E50 /* Build configuration list for PBXNativeTarget "Socket开发" */;
			buildPhases = (
				A76D6A2F204958A600238E50 /* Sources */,
				A76D6A30204958A600238E50 /* Frameworks */,
				A76D6A31204958A600238E50 /* Resources */,
			);
			buildRules = (
			);
			dependencies = (
			);
			name = "Socket开发";
			productName = "Socket开发";
			productReference = A76D6A33204958A600238E50 /* Socket开发.app */;
			productType = "com.apple.product-type.application";
		};
/* End PBXNativeTarget section */

/* Begin PBXProject section */
		A76D6A2B204958A600238E50 /* Project object */ = {
			isa = PBXProject;
			attributes = {
				LastUpgradeCheck = 0920;
				ORGANIZATIONNAME = ACE;
				TargetAttributes = {
					A76D6A32204958A600238E50 = {
						CreatedOnToolsVersion = 9.2;
						ProvisioningStyle = Automatic;
					};
				};
			};
			buildConfigurationList = A76D6A2E204958A600238E50 /* Build configuration list for PBXProject "Socket开发" */;
			compatibilityVersion = "Xcode 8.0";
			developmentRegion = en;
			hasScannedForEncodings = 0;
			knownRegions = (
				en,
				Base,
			);
			mainGroup = A76D6A2A204958A600238E50;
			productRefGroup = A76D6A34204958A600238E50 /* Products */;
			projectDirPath = "";
			projectRoot = "";
			targets = (
				A76D6A32204958A600238E50 /* Socket开发 */,
			);
		};
/* End PBXProject section */

/* Begin PBXResourcesBuildPhase section */
		A76D6A31204958A600238E50 /* Resources */ = {
			isa = PBXResourcesBuildPhase;
			buildActionMask = 2147483647;
			files = (
				A76D6A43204958A600238E50 /* LaunchScreen.storyboard in Resources */,
				A76D6A40204958A600238E50 /* Assets.xcassets in Resources */,
				A76D6A3E204958A600238E50 /* Main.storyboard in Resources */,
			);
			runOnlyForDeploymentPostprocessing = 0;
		};
/* End PBXResourcesBuildPhase section */

/* Begin PBXSourcesBuildPhase section */
		A76D6A2F204958A600238E50 /* Sources */ = {
			isa = PBXSourcesBuildPhase;
			buildActionMask = 2147483647;
			files = (
				A76D6A3B204958A600238E50 /* ViewController.m in Sources */,
				A76D6A542049592600238E50 /* GCDAsyncSocket.m in Sources */,
				A76D6A46204958A600238E50 /* main.m in Sources */,
				A76D6A4E204958F700238E50 /* SocketManager.m in Sources */,
				A76D6A552049592600238E50 /* GCDAsyncUdpSocket.m in Sources */,
				A76D6A38204958A600238E50 /* AppDelegate.m in Sources */,
			);
			runOnlyForDeploymentPostprocessing = 0;
		};
/* End PBXSourcesBuildPhase section */

/* Begin PBXVariantGroup section */
		A76D6A3C204958A600238E50 /* Main.storyboard */ = {
			isa = PBXVariantGroup;
			children = (
				A76D6A3D204958A600238E50 /* Base */,
			);
			name = Main.storyboard;
			sourceTree = "<group>";
		};
		A76D6A41204958A600238E50 /* LaunchScreen.storyboard */ = {
			isa = PBXVariantGroup;
			children = (
				A76D6A42204958A600238E50 /* Base */,
			);
			name = LaunchScreen.storyboard;
			sourceTree = "<group>";
		};
/* End PBXVariantGroup section */

/* Begin XCBuildConfiguration section */
		A76D6A47204958A600238E50 /* Debug */ = {
			isa = XCBuildConfiguration;
			buildSettings = {
				ALWAYS_SEARCH_USER_PATHS = NO;
				CLANG_ANALYZER_NONNULL = YES;
				CLANG_ANALYZER_NUMBER_OBJECT_CONVERSION = YES_AGGRESSIVE;
				CLANG_CXX_LANGUAGE_STANDARD = "gnu++14";
				CLANG_CXX_LIBRARY = "libc++";
				CLANG_ENABLE_MODULES = YES;
				CLANG_ENABLE_OBJC_ARC = YES;
				CLANG_WARN_BLOCK_CAPTURE_AUTORELEASING = YES;
				CLANG_WARN_BOOL_CONVERSION = YES;
				CLANG_WARN_COMMA = YES;
				CLANG_WARN_CONSTANT_CONVERSION = YES;
				CLANG_WARN_DIRECT_OBJC_ISA_USAGE = YES_ERROR;
				CLANG_WARN_DOCUMENTATION_COMMENTS = YES;
				CLANG_WARN_EMPTY_BODY = YES;
				CLANG_WARN_ENUM_CONVERSION = YES;
				CLANG_WARN_INFINITE_RECURSION = YES;
				CLANG_WARN_INT_CONVERSION = YES;
				CLANG_WARN_NON_LITERAL_NULL_CONVERSION = YES;
				CLANG_WARN_OBJC_LITERAL_CONVERSION = YES;
				CLANG_WARN_OBJC_ROOT_CLASS = YES_ERROR;
				CLANG_WARN_RANGE_LOOP_ANALYSIS = YES;
				CLANG_WARN_STRICT_PROTOTYPES = YES;
				CLANG_WARN_SUSPICIOUS_MOVE = YES;
				CLANG_WARN_UNGUARDED_AVAILABILITY = YES_AGGRESSIVE;
				CLANG_WARN_UNREACHABLE_CODE = YES;
				CLANG_WARN__DUPLICATE_METHOD_MATCH = YES;
				CODE_SIGN_IDENTITY = "iPhone Developer";
				COPY_PHASE_STRIP = NO;
				DEBUG_INFORMATION_FORMAT = dwarf;
				ENABLE_STRICT_OBJC_MSGSEND = YES;
				ENABLE_TESTABILITY = YES;
				GCC_C_LANGUAGE_STANDARD = gnu11;
				GCC_DYNAMIC_NO_PIC = NO;
				GCC_NO_COMMON_BLOCKS = YES;
				GCC_OPTIMIZATION_LEVEL = 0;
				GCC_PREPROCESSOR_DEFINITIONS = (
					"DEBUG=1",
					"$(inherited)",
				);
				GCC_WARN_64_TO_32_BIT_CONVERSION = YES;
				GCC_WARN_ABOUT_RETURN_TYPE = YES_ERROR;
				GCC_WARN_UNDECLARED_SELECTOR = YES;
				GCC_WARN_UNINITIALIZED_AUTOS = YES_AGGRESSIVE;
				GCC_WARN_UNUSED_FUNCTION = YES;
				GCC_WARN_UNUSED_VARIABLE = YES;
				IPHONEOS_DEPLOYMENT_TARGET = 11.2;
				MTL_ENABLE_DEBUG_INFO = YES;
				ONLY_ACTIVE_ARCH = YES;
				SDKROOT = iphoneos;
			};
			name = Debug;
		};
		A76D6A48204958A600238E50 /* Release */ = {
			isa = XCBuildConfiguration;
			buildSettings = {
				ALWAYS_SEARCH_USER_PATHS = NO;
				CLANG_ANALYZER_NONNULL = YES;
				CLANG_ANALYZER_NUMBER_OBJECT_CONVERSION = YES_AGGRESSIVE;
				CLANG_CXX_LANGUAGE_STANDARD = "gnu++14";
				CLANG_CXX_LIBRARY = "libc++";
				CLANG_ENABLE_MODULES = YES;
				CLANG_ENABLE_OBJC_ARC = YES;
				CLANG_WARN_BLOCK_CAPTURE_AUTORELEASING = YES;
				CLANG_WARN_BOOL_CONVERSION = YES;
				CLANG_WARN_COMMA = YES;
				CLANG_WARN_CONSTANT_CONVERSION = YES;
				CLANG_WARN_DIRECT_OBJC_ISA_USAGE = YES_ERROR;
				CLANG_WARN_DOCUMENTATION_COMMENTS = YES;
				CLANG_WARN_EMPTY_BODY = YES;
				CLANG_WARN_ENUM_CONVERSION = YES;
				CLANG_WARN_INFINITE_RECURSION = YES;
				CLANG_WARN_INT_CONVERSION = YES;
				CLANG_WARN_NON_LITERAL_NULL_CONVERSION = YES;
				CLANG_WARN_OBJC_LITERAL_CONVERSION = YES;
				CLANG_WARN_OBJC_ROOT_CLASS = YES_ERROR;
				CLANG_WARN_RANGE_LOOP_ANALYSIS = YES;
				CLANG_WARN_STRICT_PROTOTYPES = YES;
				CLANG_WARN_SUSPICIOUS_MOVE = YES;
				CLANG_WARN_UNGUARDED_AVAILABILITY = YES_AGGRESSIVE;
				CLANG_WARN_UNREACHABLE_CODE = YES;
				CLANG_WARN__DUPLICATE_METHOD_MATCH = YES;
				CODE_SIGN_IDENTITY = "iPhone Developer";
				COPY_PHASE_STRIP = NO;
				DEBUG_INFORMATION_FORMAT = "dwarf-with-dsym";
				ENABLE_NS_ASSERTIONS = NO;
				ENABLE_STRICT_OBJC_MSGSEND = YES;
				GCC_C_LANGUAGE_STANDARD = gnu11;
				GCC_NO_COMMON_BLOCKS = YES;
				GCC_WARN_64_TO_32_BIT_CONVERSION = YES;
				GCC_WARN_ABOUT_RETURN_TYPE = YES_ERROR;
				GCC_WARN_UNDECLARED_SELECTOR = YES;
				GCC_WARN_UNINITIALIZED_AUTOS = YES_AGGRESSIVE;
				GCC_WARN_UNUSED_FUNCTION = YES;
				GCC_WARN_UNUSED_VARIABLE = YES;
				IPHONEOS_DEPLOYMENT_TARGET = 11.2;
				MTL_ENABLE_DEBUG_INFO = NO;
				SDKROOT = iphoneos;
				VALIDATE_PRODUCT = YES;
			};
			name = Release;
		};
		A76D6A4A204958A600238E50 /* Debug */ = {
			isa = XCBuildConfiguration;
			buildSettings = {
				ASSETCATALOG_COMPILER_APPICON_NAME = AppIcon;
				CODE_SIGN_STYLE = Automatic;
				DEVELOPMENT_TEAM = 3QZF77FY4R;
				INFOPLIST_FILE = "Socket开发/Info.plist";
				LD_RUNPATH_SEARCH_PATHS = "$(inherited) @executable_path/Frameworks";
				PRODUCT_BUNDLE_IDENTIFIER = "com.ace.jm.Socket--";
				PRODUCT_NAME = "$(TARGET_NAME)";
				TARGETED_DEVICE_FAMILY = "1,2";
			};
			name = Debug;
		};
		A76D6A4B204958A600238E50 /* Release */ = {
			isa = XCBuildConfiguration;
			buildSettings = {
				ASSETCATALOG_COMPILER_APPICON_NAME = AppIcon;
				CODE_SIGN_STYLE = Automatic;
				DEVELOPMENT_TEAM = 3QZF77FY4R;
				INFOPLIST_FILE = "Socket开发/Info.plist";
				LD_RUNPATH_SEARCH_PATHS = "$(inherited) @executable_path/Frameworks";
				PRODUCT_BUNDLE_IDENTIFIER = "com.ace.jm.Socket--";
				PRODUCT_NAME = "$(TARGET_NAME)";
				TARGETED_DEVICE_FAMILY = "1,2";
			};
			name = Release;
		};
/* End XCBuildConfiguration section */

/* Begin XCConfigurationList section */
		A76D6A2E204958A600238E50 /* Build configuration list for PBXProject "Socket开发" */ = {
			isa = XCConfigurationList;
			buildConfigurations = (
				A76D6A47204958A600238E50 /* Debug */,
				A76D6A48204958A600238E50 /* Release */,
			);
			defaultConfigurationIsVisible = 0;
			defaultConfigurationName = Release;
		};
		A76D6A49204958A600238E50 /* Build configuration list for PBXNativeTarget "Socket开发" */ = {
			isa = XCConfigurationList;
			buildConfigurations = (
				A76D6A4A204958A600238E50 /* Debug */,
				A76D6A4B204958A600238E50 /* Release */,
			);
			defaultConfigurationIsVisible = 0;
			defaultConfigurationName = Release;
		};
/* End XCConfigurationList section */
	};
	rootObject = A76D6A2B204958A600238E50 /* Project object */;
}
